Microsoft Visual Studio Solution File, Format Version 11.00
# Visual Studio 2008

Project("{842E131D-88F1-CE94-5DCF-88AC39076A1A}") = "HSK Boom", "Assembly-CSharp.csproj", "{A615F9B6-B168-A52D-1750-0DE32DD921EF}"
EndProject
Global
	GlobalSection(SolutionConfigurationPlatforms) = preSolution
		Debug|Any CPU = Debug|Any CPU
		Release|Any CPU = Release|Any CPU
	EndGlobalSection
	GlobalSection(ProjectConfigurationPlatforms) = postSolution
		{A615F9B6-B168-A52D-1750-0DE32DD921EF}.Debug|Any CPU.ActiveCfg = Debug|Any CPU
		{A615F9B6-B168-A52D-1750-0DE32DD921EF}.Debug|Any CPU.Build.0 = Debug|Any CPU
		{A615F9B6-B168-A52D-1750-0DE32DD921EF}.Release|Any CPU.ActiveCfg = Release|Any CPU
		{A615F9B6-B168-A52D-1750-0DE32DD921EF}.Release|Any CPU.Build.0 = Release|Any CPU
	EndGlobalSection
	GlobalSection(SolutionProperties) = preSolution
		HideSolutionNode = FALSE
	EndGlobalSection
	GlobalSection(MonoDevelopProperties) = preSolution
		StartupItem = Assembly-CSharp.csproj
	EndGlobalSection
EndGlobal
